{
  "name": "script-api-ex",
  "version": "0.1.0",
  "lockfileVersion": 2,
  "requires": true,
  "packages": {
    "": {
      "name": "script-api-ex",
      "version": "0.1.0",
      "license": "MIT",
      "dependencies": {
        "@minecraft/server": "^1.1.0-beta.1.19.60-preview.24",
        "@minecraft-ex/server": "0.1.0"
      }
    },
    "node_modules/@minecraft/server": {
      "version": "1.1.0-beta.1.19.60-preview.24",
      "resolved": "https://registry.npmjs.org/@minecraft/server/-/server-1.1.0-beta.1.19.60-preview.24.tgz",
      "integrity": "sha512-DTrMQ19J2jFvdtHedvbDuwWeDC3hbz+4fmOqGUTzGmsOGF4BzXwE51pNuP9ZOX+ebShHomhoxHP2CwAmNuDGxg=="
    },
    "node_modules/@minecraft-ex/server": {
      "version": "0.1.0"
    }
  },
  "dependencies": {
    "@minecraft/server": {
      "version": "1.1.0-beta.1.19.60-preview.24",
      "resolved": "https://registry.npmjs.org/@minecraft/server/-/server-1.1.0-beta.1.19.60-preview.24.tgz",
      "integrity": "sha512-DTrMQ19J2jFvdtHedvbDuwWeDC3hbz+4fmOqGUTzGmsOGF4BzXwE51pNuP9ZOX+ebShHomhoxHP2CwAmNuDGxg=="
    },
    "@minecraft-ex/server": {
      "version": "0.1.0"
    }
  }
}
