{
  "name": "script-api-ex",
  "lockfileVersion": 2,
  "requires": true,
  "packages": {
    "": {
      "name": "script-api-ex",
      "license": "MIT",
      "dependencies": {
        "@minecraft/server": "^1.1.0-beta.release.1.19.50"
      }
    },
    "node_modules/@minecraft/server": {
      "version": "1.1.0-beta.release.1.19.50",
      "resolved": "https://registry.npmjs.org/@minecraft/server/-/server-1.1.0-beta.release.1.19.50.tgz",
      "integrity": "sha512-cuyY7QMd5HgzI71Pu/Z7Ii6Ux4fNUf2q/OtXZn14+QTRlC3SaPrPvGIVkSswMhQbcPxL7+uRNtN3CAB3H3PJMA=="
    }
  },
  "dependencies": {
    "@minecraft/server": {
      "version": "1.1.0-beta.release.1.19.50",
      "resolved": "https://registry.npmjs.org/@minecraft/server/-/server-1.1.0-beta.release.1.19.50.tgz",
      "integrity": "sha512-cuyY7QMd5HgzI71Pu/Z7Ii6Ux4fNUf2q/OtXZn14+QTRlC3SaPrPvGIVkSswMhQbcPxL7+uRNtN3CAB3H3PJMA=="
    }
  }
}
